
Microsoft Visual Studio Solution File, Format Version 12.00
# Visual Studio Version 16
VisualStudioVersion = 16.0.35130.168
MinimumVisualStudioVersion = 10.0.40219.1
Project("{FAE04EC0-301F-11D3-BF4B-00C04F79EFBC}") = "MasterPol", "MasterPol\MasterPol.csproj", "{DFF207B2-8AF4-4859-99F9-502268E97599}"
EndProject
Global
	GlobalSection(SolutionConfigurationPlatforms) = preSolution
		Debug|Any CPU = Debug|Any CPU
		Release|Any CPU = Release|Any CPU
	EndGlobalSection
	GlobalSection(ProjectConfigurationPlatforms) = postSolution
		{DFF207B2-8AF4-4859-99F9-502268E97599}.Debug|Any CPU.ActiveCfg = Debug|Any CPU
		{DFF207B2-8AF4-4859-99F9-502268E97599}.Debug|Any CPU.Build.0 = Debug|Any CPU
		{DFF207B2-8AF4-4859-99F9-502268E97599}.Release|Any CPU.ActiveCfg = Release|Any CPU
		{DFF207B2-8AF4-4859-99F9-502268E97599}.Release|Any CPU.Build.0 = Release|Any CPU
	EndGlobalSection
	GlobalSection(SolutionProperties) = preSolution
		HideSolutionNode = FALSE
	EndGlobalSection
	GlobalSection(ExtensibilityGlobals) = postSolution
		SolutionGuid = {422E3E4A-872F-4569-8DEC-5F18AF033D2F}
	EndGlobalSection
EndGlobal
